
Microsoft Visual Studio Solution File, Format Version 12.00
# Visual Studio Version 17
VisualStudioVersion = 17.3.32825.248
MinimumVisualStudioVersion = 10.0.40219.1
Project("{9A19103F-16F7-4668-BE54-9A1E7A4F7556}") = "WakeCapTest", "WakeCapTest\WakeCapTest.csproj", "{AD9B0ED5-58D3-45B9-A0C7-1CED981611A3}"
EndProject
Project("{9A19103F-16F7-4668-BE54-9A1E7A4F7556}") = "ApplicationCore", "ApplicationCore\ApplicationCore.csproj", "{2809137F-0153-4C07-8D47-76294D679F6C}"
EndProject
Project("{9A19103F-16F7-4668-BE54-9A1E7A4F7556}") = "Infrastructure", "Infrastructure\Infrastructure.csproj", "{7ECA5EB6-4C8C-41FE-A3C0-3ABC74E87014}"
EndProject
Project("{9A19103F-16F7-4668-BE54-9A1E7A4F7556}") = "WeakCapUnitTests", "WeakCapUnitTests\WeakCapUnitTests.csproj", "{3FEE440E-3370-4809-8CD2-DD37440BC9A0}"
EndProject
Project("{2150E333-8FDC-42A3-9474-1A3956D46DE8}") = "Postman Collection", "Postman Collection", "{D73CF178-9346-4CC0-A0B4-0D6BE13188AC}"
	ProjectSection(SolutionItems) = preProject
		D:\testwakeCap\WeakCapTest.postman_collection.json = D:\testwakeCap\WeakCapTest.postman_collection.json
	EndProjectSection
EndProject
Global
	GlobalSection(SolutionConfigurationPlatforms) = preSolution
		Debug|Any CPU = Debug|Any CPU
		Release|Any CPU = Release|Any CPU
	EndGlobalSection
	GlobalSection(ProjectConfigurationPlatforms) = postSolution
		{AD9B0ED5-58D3-45B9-A0C7-1CED981611A3}.Debug|Any CPU.ActiveCfg = Debug|Any CPU
		{AD9B0ED5-58D3-45B9-A0C7-1CED981611A3}.Debug|Any CPU.Build.0 = Debug|Any CPU
		{AD9B0ED5-58D3-45B9-A0C7-1CED981611A3}.Release|Any CPU.ActiveCfg = Release|Any CPU
		{AD9B0ED5-58D3-45B9-A0C7-1CED981611A3}.Release|Any CPU.Build.0 = Release|Any CPU
		{2809137F-0153-4C07-8D47-76294D679F6C}.Debug|Any CPU.ActiveCfg = Debug|Any CPU
		{2809137F-0153-4C07-8D47-76294D679F6C}.Debug|Any CPU.Build.0 = Debug|Any CPU
		{2809137F-0153-4C07-8D47-76294D679F6C}.Release|Any CPU.ActiveCfg = Release|Any CPU
		{2809137F-0153-4C07-8D47-76294D679F6C}.Release|Any CPU.Build.0 = Release|Any CPU
		{7ECA5EB6-4C8C-41FE-A3C0-3ABC74E87014}.Debug|Any CPU.ActiveCfg = Debug|Any CPU
		{7ECA5EB6-4C8C-41FE-A3C0-3ABC74E87014}.Debug|Any CPU.Build.0 = Debug|Any CPU
		{7ECA5EB6-4C8C-41FE-A3C0-3ABC74E87014}.Release|Any CPU.ActiveCfg = Release|Any CPU
		{7ECA5EB6-4C8C-41FE-A3C0-3ABC74E87014}.Release|Any CPU.Build.0 = Release|Any CPU
		{3FEE440E-3370-4809-8CD2-DD37440BC9A0}.Debug|Any CPU.ActiveCfg = Debug|Any CPU
		{3FEE440E-3370-4809-8CD2-DD37440BC9A0}.Debug|Any CPU.Build.0 = Debug|Any CPU
		{3FEE440E-3370-4809-8CD2-DD37440BC9A0}.Release|Any CPU.ActiveCfg = Release|Any CPU
		{3FEE440E-3370-4809-8CD2-DD37440BC9A0}.Release|Any CPU.Build.0 = Release|Any CPU
	EndGlobalSection
	GlobalSection(SolutionProperties) = preSolution
		HideSolutionNode = FALSE
	EndGlobalSection
	GlobalSection(ExtensibilityGlobals) = postSolution
		SolutionGuid = {AA6A6396-EA5A-4D5F-9674-5D1E309D4544}
	EndGlobalSection
EndGlobal
